
Microsoft Visual Studio Solution File, Format Version 12.00
# Visual Studio 15
VisualStudioVersion = 15.0.26124.0
MinimumVisualStudioVersion = 15.0.26124.0
Project("{FAE04EC0-301F-11D3-BF4B-00C04F79EFBC}") = "DatabaseService", "DatabaseService\DatabaseService.csproj", "{3FD7580C-EE06-4553-9644-BAEA11F278F6}"
EndProject
Project("{FAE04EC0-301F-11D3-BF4B-00C04F79EFBC}") = "Tests", "Tests\Tests.csproj", "{5E5DECA5-B046-4AD2-875B-D0A8D3E307E4}"
EndProject
Project("{FAE04EC0-301F-11D3-BF4B-00C04F79EFBC}") = "WebApi", "WebApi\WebApi.csproj", "{D51B3E7E-6338-4DB5-BD88-5F7FDF28D591}"
EndProject
Project("{FAE04EC0-301F-11D3-BF4B-00C04F79EFBC}") = "WebServiceToken", "WebServiceToken\WebServiceToken.csproj", "{A7DE175F-04F1-4A1F-8CBA-396424411CAB}"
EndProject
Global
	GlobalSection(SolutionConfigurationPlatforms) = preSolution
		Debug|Any CPU = Debug|Any CPU
		Debug|x64 = Debug|x64
		Debug|x86 = Debug|x86
		Release|Any CPU = Release|Any CPU
		Release|x64 = Release|x64
		Release|x86 = Release|x86
	EndGlobalSection
	GlobalSection(SolutionProperties) = preSolution
		HideSolutionNode = FALSE
	EndGlobalSection
	GlobalSection(ProjectConfigurationPlatforms) = postSolution
		{3FD7580C-EE06-4553-9644-BAEA11F278F6}.Debug|Any CPU.ActiveCfg = Debug|Any CPU
		{3FD7580C-EE06-4553-9644-BAEA11F278F6}.Debug|Any CPU.Build.0 = Debug|Any CPU
		{3FD7580C-EE06-4553-9644-BAEA11F278F6}.Debug|x64.ActiveCfg = Debug|Any CPU
		{3FD7580C-EE06-4553-9644-BAEA11F278F6}.Debug|x64.Build.0 = Debug|Any CPU
		{3FD7580C-EE06-4553-9644-BAEA11F278F6}.Debug|x86.ActiveCfg = Debug|Any CPU
		{3FD7580C-EE06-4553-9644-BAEA11F278F6}.Debug|x86.Build.0 = Debug|Any CPU
		{3FD7580C-EE06-4553-9644-BAEA11F278F6}.Release|Any CPU.ActiveCfg = Release|Any CPU
		{3FD7580C-EE06-4553-9644-BAEA11F278F6}.Release|Any CPU.Build.0 = Release|Any CPU
		{3FD7580C-EE06-4553-9644-BAEA11F278F6}.Release|x64.ActiveCfg = Release|Any CPU
		{3FD7580C-EE06-4553-9644-BAEA11F278F6}.Release|x64.Build.0 = Release|Any CPU
		{3FD7580C-EE06-4553-9644-BAEA11F278F6}.Release|x86.ActiveCfg = Release|Any CPU
		{3FD7580C-EE06-4553-9644-BAEA11F278F6}.Release|x86.Build.0 = Release|Any CPU
		{5E5DECA5-B046-4AD2-875B-D0A8D3E307E4}.Debug|Any CPU.ActiveCfg = Debug|Any CPU
		{5E5DECA5-B046-4AD2-875B-D0A8D3E307E4}.Debug|Any CPU.Build.0 = Debug|Any CPU
		{5E5DECA5-B046-4AD2-875B-D0A8D3E307E4}.Debug|x64.ActiveCfg = Debug|Any CPU
		{5E5DECA5-B046-4AD2-875B-D0A8D3E307E4}.Debug|x64.Build.0 = Debug|Any CPU
		{5E5DECA5-B046-4AD2-875B-D0A8D3E307E4}.Debug|x86.ActiveCfg = Debug|Any CPU
		{5E5DECA5-B046-4AD2-875B-D0A8D3E307E4}.Debug|x86.Build.0 = Debug|Any CPU
		{5E5DECA5-B046-4AD2-875B-D0A8D3E307E4}.Release|Any CPU.ActiveCfg = Release|Any CPU
		{5E5DECA5-B046-4AD2-875B-D0A8D3E307E4}.Release|Any CPU.Build.0 = Release|Any CPU
		{5E5DECA5-B046-4AD2-875B-D0A8D3E307E4}.Release|x64.ActiveCfg = Release|Any CPU
		{5E5DECA5-B046-4AD2-875B-D0A8D3E307E4}.Release|x64.Build.0 = Release|Any CPU
		{5E5DECA5-B046-4AD2-875B-D0A8D3E307E4}.Release|x86.ActiveCfg = Release|Any CPU
		{5E5DECA5-B046-4AD2-875B-D0A8D3E307E4}.Release|x86.Build.0 = Release|Any CPU
		{D51B3E7E-6338-4DB5-BD88-5F7FDF28D591}.Debug|Any CPU.ActiveCfg = Debug|Any CPU
		{D51B3E7E-6338-4DB5-BD88-5F7FDF28D591}.Debug|Any CPU.Build.0 = Debug|Any CPU
		{D51B3E7E-6338-4DB5-BD88-5F7FDF28D591}.Debug|x64.ActiveCfg = Debug|Any CPU
		{D51B3E7E-6338-4DB5-BD88-5F7FDF28D591}.Debug|x64.Build.0 = Debug|Any CPU
		{D51B3E7E-6338-4DB5-BD88-5F7FDF28D591}.Debug|x86.ActiveCfg = Debug|Any CPU
		{D51B3E7E-6338-4DB5-BD88-5F7FDF28D591}.Debug|x86.Build.0 = Debug|Any CPU
		{D51B3E7E-6338-4DB5-BD88-5F7FDF28D591}.Release|Any CPU.ActiveCfg = Release|Any CPU
		{D51B3E7E-6338-4DB5-BD88-5F7FDF28D591}.Release|Any CPU.Build.0 = Release|Any CPU
		{D51B3E7E-6338-4DB5-BD88-5F7FDF28D591}.Release|x64.ActiveCfg = Release|Any CPU
		{D51B3E7E-6338-4DB5-BD88-5F7FDF28D591}.Release|x64.Build.0 = Release|Any CPU
		{D51B3E7E-6338-4DB5-BD88-5F7FDF28D591}.Release|x86.ActiveCfg = Release|Any CPU
		{D51B3E7E-6338-4DB5-BD88-5F7FDF28D591}.Release|x86.Build.0 = Release|Any CPU
		{A7DE175F-04F1-4A1F-8CBA-396424411CAB}.Debug|Any CPU.ActiveCfg = Debug|Any CPU
		{A7DE175F-04F1-4A1F-8CBA-396424411CAB}.Debug|Any CPU.Build.0 = Debug|Any CPU
		{A7DE175F-04F1-4A1F-8CBA-396424411CAB}.Debug|x64.ActiveCfg = Debug|Any CPU
		{A7DE175F-04F1-4A1F-8CBA-396424411CAB}.Debug|x64.Build.0 = Debug|Any CPU
		{A7DE175F-04F1-4A1F-8CBA-396424411CAB}.Debug|x86.ActiveCfg = Debug|Any CPU
		{A7DE175F-04F1-4A1F-8CBA-396424411CAB}.Debug|x86.Build.0 = Debug|Any CPU
		{A7DE175F-04F1-4A1F-8CBA-396424411CAB}.Release|Any CPU.ActiveCfg = Release|Any CPU
		{A7DE175F-04F1-4A1F-8CBA-396424411CAB}.Release|Any CPU.Build.0 = Release|Any CPU
		{A7DE175F-04F1-4A1F-8CBA-396424411CAB}.Release|x64.ActiveCfg = Release|Any CPU
		{A7DE175F-04F1-4A1F-8CBA-396424411CAB}.Release|x64.Build.0 = Release|Any CPU
		{A7DE175F-04F1-4A1F-8CBA-396424411CAB}.Release|x86.ActiveCfg = Release|Any CPU
		{A7DE175F-04F1-4A1F-8CBA-396424411CAB}.Release|x86.Build.0 = Release|Any CPU
	EndGlobalSection
EndGlobal
